
Microsoft Visual Studio Solution File, Format Version 11.00
# Visual Studio 2010
Project("{FAE04EC0-301F-11D3-BF4B-00C04F79EFBC}") = "durand_yBugTrack", "durand_yBugTrack\durand_yBugTrack.csproj", "{6A85C468-734C-49EB-9A78-9D73A67DD4D8}"
EndProject
Project("{FAE04EC0-301F-11D3-BF4B-00C04F79EFBC}") = "WebApplicationBackEnd", "WebApplicationBackEnd\WebApplicationBackEnd.csproj", "{33AF1686-1757-45E8-9E8C-F862D734CDD5}"
EndProject
Global
	GlobalSection(SolutionConfigurationPlatforms) = preSolution
		Debug|Any CPU = Debug|Any CPU
		Release|Any CPU = Release|Any CPU
	EndGlobalSection
	GlobalSection(ProjectConfigurationPlatforms) = postSolution
		{6A85C468-734C-49EB-9A78-9D73A67DD4D8}.Debug|Any CPU.ActiveCfg = Debug|Any CPU
		{6A85C468-734C-49EB-9A78-9D73A67DD4D8}.Debug|Any CPU.Build.0 = Debug|Any CPU
		{6A85C468-734C-49EB-9A78-9D73A67DD4D8}.Release|Any CPU.ActiveCfg = Release|Any CPU
		{6A85C468-734C-49EB-9A78-9D73A67DD4D8}.Release|Any CPU.Build.0 = Release|Any CPU
		{33AF1686-1757-45E8-9E8C-F862D734CDD5}.Debug|Any CPU.ActiveCfg = Debug|Any CPU
		{33AF1686-1757-45E8-9E8C-F862D734CDD5}.Debug|Any CPU.Build.0 = Debug|Any CPU
		{33AF1686-1757-45E8-9E8C-F862D734CDD5}.Release|Any CPU.ActiveCfg = Release|Any CPU
		{33AF1686-1757-45E8-9E8C-F862D734CDD5}.Release|Any CPU.Build.0 = Release|Any CPU
	EndGlobalSection
	GlobalSection(SolutionProperties) = preSolution
		HideSolutionNode = FALSE
	EndGlobalSection
EndGlobal
