
Microsoft Visual Studio Solution File, Format Version 11.00
# Visual Studio 2010
Project("{FAE04EC0-301F-11D3-BF4B-00C04F79EFBC}") = "XML_Books", "WebApplication1\XML_Books.csproj", "{79DACE43-F5FD-4833-9885-DD99101E580A}"
EndProject
Global
	GlobalSection(SolutionConfigurationPlatforms) = preSolution
		Debug|Any CPU = Debug|Any CPU
		Release|Any CPU = Release|Any CPU
	EndGlobalSection
	GlobalSection(ProjectConfigurationPlatforms) = postSolution
		{79DACE43-F5FD-4833-9885-DD99101E580A}.Debug|Any CPU.ActiveCfg = Debug|Any CPU
		{79DACE43-F5FD-4833-9885-DD99101E580A}.Debug|Any CPU.Build.0 = Debug|Any CPU
		{79DACE43-F5FD-4833-9885-DD99101E580A}.Release|Any CPU.ActiveCfg = Release|Any CPU
		{79DACE43-F5FD-4833-9885-DD99101E580A}.Release|Any CPU.Build.0 = Release|Any CPU
	EndGlobalSection
	GlobalSection(SolutionProperties) = preSolution
		HideSolutionNode = FALSE
	EndGlobalSection
EndGlobal
