
Microsoft Visual Studio Solution File, Format Version 11.00
# Visual Studio 2010
Project("{FAE04EC0-301F-11D3-BF4B-00C04F79EFBC}") = "lemett_aBugTrack", "lemett_aBugTrack\lemett_aBugTrack.csproj", "{8814467E-8B16-469C-93A1-9F50AB7E8607}"
EndProject
Project("{FAE04EC0-301F-11D3-BF4B-00C04F79EFBC}") = "SyndicationServiceBugTrack", "SyndicationServiceBugTrack\SyndicationServiceBugTrack.csproj", "{98791A4F-4141-4C64-B6BE-DC3F591342D6}"
EndProject
Project("{FAE04EC0-301F-11D3-BF4B-00C04F79EFBC}") = "ClientBugTrack", "ClientBugTrack\ClientBugTrack.csproj", "{A139ECE9-8B11-425A-94B3-0558DE059274}"
	ProjectSection(ProjectDependencies) = postProject
		{8814467E-8B16-469C-93A1-9F50AB7E8607} = {8814467E-8B16-469C-93A1-9F50AB7E8607}
	EndProjectSection
EndProject
Global
	GlobalSection(SolutionConfigurationPlatforms) = preSolution
		Debug|Any CPU = Debug|Any CPU
		Release|Any CPU = Release|Any CPU
	EndGlobalSection
	GlobalSection(ProjectConfigurationPlatforms) = postSolution
		{8814467E-8B16-469C-93A1-9F50AB7E8607}.Debug|Any CPU.ActiveCfg = Debug|Any CPU
		{8814467E-8B16-469C-93A1-9F50AB7E8607}.Debug|Any CPU.Build.0 = Debug|Any CPU
		{8814467E-8B16-469C-93A1-9F50AB7E8607}.Release|Any CPU.ActiveCfg = Release|Any CPU
		{8814467E-8B16-469C-93A1-9F50AB7E8607}.Release|Any CPU.Build.0 = Release|Any CPU
		{98791A4F-4141-4C64-B6BE-DC3F591342D6}.Debug|Any CPU.ActiveCfg = Debug|Any CPU
		{98791A4F-4141-4C64-B6BE-DC3F591342D6}.Debug|Any CPU.Build.0 = Debug|Any CPU
		{98791A4F-4141-4C64-B6BE-DC3F591342D6}.Release|Any CPU.ActiveCfg = Release|Any CPU
		{98791A4F-4141-4C64-B6BE-DC3F591342D6}.Release|Any CPU.Build.0 = Release|Any CPU
		{A139ECE9-8B11-425A-94B3-0558DE059274}.Debug|Any CPU.ActiveCfg = Debug|Any CPU
		{A139ECE9-8B11-425A-94B3-0558DE059274}.Debug|Any CPU.Build.0 = Debug|Any CPU
		{A139ECE9-8B11-425A-94B3-0558DE059274}.Release|Any CPU.ActiveCfg = Release|Any CPU
		{A139ECE9-8B11-425A-94B3-0558DE059274}.Release|Any CPU.Build.0 = Release|Any CPU
	EndGlobalSection
	GlobalSection(SolutionProperties) = preSolution
		HideSolutionNode = FALSE
	EndGlobalSection
EndGlobal
