
Microsoft Visual Studio Solution File, Format Version 11.00
# Visual Studio 2010
Project("{FAE04EC0-301F-11D3-BF4B-00C04F79EFBC}") = "ConsoleApplicationTestUnitaire", "ConsoleApplicationTestUnitaire\ConsoleApplicationTestUnitaire.csproj", "{005F51B3-8216-4F84-B8DE-E0430F7BC727}"
EndProject
Project("{FAE04EC0-301F-11D3-BF4B-00C04F79EFBC}") = "TestProject1", "TestProject1\TestProject1.csproj", "{9DBD78C4-41FD-4EC0-9DED-DAA5914AF195}"
EndProject
Project("{2150E333-8FDC-42A3-9474-1A3956D46DE8}") = "Solution Items", "Solution Items", "{2051DDE9-E07C-4614-8027-9254613BCEFA}"
	ProjectSection(SolutionItems) = preProject
		ConsoleApplicationTestUnitaire.vsmdi = ConsoleApplicationTestUnitaire.vsmdi
		Local.testsettings = Local.testsettings
		TraceAndTestImpact.testsettings = TraceAndTestImpact.testsettings
	EndProjectSection
EndProject
Global
	GlobalSection(TestCaseManagementSettings) = postSolution
		CategoryFile = ConsoleApplicationTestUnitaire.vsmdi
	EndGlobalSection
	GlobalSection(SolutionConfigurationPlatforms) = preSolution
		Debug|Any CPU = Debug|Any CPU
		Release|Any CPU = Release|Any CPU
	EndGlobalSection
	GlobalSection(ProjectConfigurationPlatforms) = postSolution
		{005F51B3-8216-4F84-B8DE-E0430F7BC727}.Debug|Any CPU.ActiveCfg = Debug|Any CPU
		{005F51B3-8216-4F84-B8DE-E0430F7BC727}.Debug|Any CPU.Build.0 = Debug|Any CPU
		{005F51B3-8216-4F84-B8DE-E0430F7BC727}.Release|Any CPU.ActiveCfg = Release|Any CPU
		{005F51B3-8216-4F84-B8DE-E0430F7BC727}.Release|Any CPU.Build.0 = Release|Any CPU
		{9DBD78C4-41FD-4EC0-9DED-DAA5914AF195}.Debug|Any CPU.ActiveCfg = Debug|Any CPU
		{9DBD78C4-41FD-4EC0-9DED-DAA5914AF195}.Debug|Any CPU.Build.0 = Debug|Any CPU
		{9DBD78C4-41FD-4EC0-9DED-DAA5914AF195}.Release|Any CPU.ActiveCfg = Release|Any CPU
		{9DBD78C4-41FD-4EC0-9DED-DAA5914AF195}.Release|Any CPU.Build.0 = Release|Any CPU
	EndGlobalSection
	GlobalSection(SolutionProperties) = preSolution
		HideSolutionNode = FALSE
	EndGlobalSection
EndGlobal
